
Microsoft Visual Studio Solution File, Format Version 12.00
# Visual Studio Version 17
VisualStudioVersion = 17.5.33424.131
MinimumVisualStudioVersion = 10.0.40219.1
Project("{FAE04EC0-301F-11D3-BF4B-00C04F79EFBC}") = "StructClassPrac", "StructClassPrac\StructClassPrac.csproj", "{84AA0E6F-3CE4-4EAD-9F90-07840E3BB5FC}"
EndProject
Global
	GlobalSection(SolutionConfigurationPlatforms) = preSolution
		Debug|Any CPU = Debug|Any CPU
		Release|Any CPU = Release|Any CPU
	EndGlobalSection
	GlobalSection(ProjectConfigurationPlatforms) = postSolution
		{84AA0E6F-3CE4-4EAD-9F90-07840E3BB5FC}.Debug|Any CPU.ActiveCfg = Debug|Any CPU
		{84AA0E6F-3CE4-4EAD-9F90-07840E3BB5FC}.Debug|Any CPU.Build.0 = Debug|Any CPU
		{84AA0E6F-3CE4-4EAD-9F90-07840E3BB5FC}.Release|Any CPU.ActiveCfg = Release|Any CPU
		{84AA0E6F-3CE4-4EAD-9F90-07840E3BB5FC}.Release|Any CPU.Build.0 = Release|Any CPU
	EndGlobalSection
	GlobalSection(SolutionProperties) = preSolution
		HideSolutionNode = FALSE
	EndGlobalSection
	GlobalSection(ExtensibilityGlobals) = postSolution
		SolutionGuid = {9CA2DC44-BBF3-43A9-A91B-7C0BA2BFC6D4}
	EndGlobalSection
EndGlobal
